
Microsoft Visual Studio Solution File, Format Version 12.00
# Visual Studio 15
VisualStudioVersion = 15.0.28307.421
MinimumVisualStudioVersion = 10.0.40219.1
Project("{FAE04EC0-301F-11D3-BF4B-00C04F79EFBC}") = "EFDemo.DataAccess", "EFDemo.DataAccess\EFDemo.DataAccess.csproj", "{A4658BA2-20A7-4725-80BE-658AEB35D9C0}"
EndProject
Project("{00D1A9C2-B5F0-4AF3-8072-F6C62B433612}") = "EFDemoDB", "EFDemoDB\EFDemoDB.sqlproj", "{F36C0DF0-C99D-458C-8B58-9186084B2740}"
EndProject
Project("{FAE04EC0-301F-11D3-BF4B-00C04F79EFBC}") = "EFDemo.DataAccessUnitTest", "EFDemo.DataAccessUnitTest\EFDemo.DataAccessUnitTest.csproj", "{9EA5BF08-4611-46E7-BF62-7A4CBD431524}"
EndProject
Global
	GlobalSection(SolutionConfigurationPlatforms) = preSolution
		Debug|Any CPU = Debug|Any CPU
		Release|Any CPU = Release|Any CPU
	EndGlobalSection
	GlobalSection(ProjectConfigurationPlatforms) = postSolution
		{A4658BA2-20A7-4725-80BE-658AEB35D9C0}.Debug|Any CPU.ActiveCfg = Debug|Any CPU
		{A4658BA2-20A7-4725-80BE-658AEB35D9C0}.Debug|Any CPU.Build.0 = Debug|Any CPU
		{A4658BA2-20A7-4725-80BE-658AEB35D9C0}.Release|Any CPU.ActiveCfg = Release|Any CPU
		{A4658BA2-20A7-4725-80BE-658AEB35D9C0}.Release|Any CPU.Build.0 = Release|Any CPU
		{F36C0DF0-C99D-458C-8B58-9186084B2740}.Debug|Any CPU.ActiveCfg = Debug|Any CPU
		{F36C0DF0-C99D-458C-8B58-9186084B2740}.Debug|Any CPU.Build.0 = Debug|Any CPU
		{F36C0DF0-C99D-458C-8B58-9186084B2740}.Debug|Any CPU.Deploy.0 = Debug|Any CPU
		{F36C0DF0-C99D-458C-8B58-9186084B2740}.Release|Any CPU.ActiveCfg = Release|Any CPU
		{F36C0DF0-C99D-458C-8B58-9186084B2740}.Release|Any CPU.Build.0 = Release|Any CPU
		{F36C0DF0-C99D-458C-8B58-9186084B2740}.Release|Any CPU.Deploy.0 = Release|Any CPU
		{9EA5BF08-4611-46E7-BF62-7A4CBD431524}.Debug|Any CPU.ActiveCfg = Debug|Any CPU
		{9EA5BF08-4611-46E7-BF62-7A4CBD431524}.Debug|Any CPU.Build.0 = Debug|Any CPU
		{9EA5BF08-4611-46E7-BF62-7A4CBD431524}.Release|Any CPU.ActiveCfg = Release|Any CPU
		{9EA5BF08-4611-46E7-BF62-7A4CBD431524}.Release|Any CPU.Build.0 = Release|Any CPU
	EndGlobalSection
	GlobalSection(SolutionProperties) = preSolution
		HideSolutionNode = FALSE
	EndGlobalSection
	GlobalSection(ExtensibilityGlobals) = postSolution
		SolutionGuid = {5702E5B7-53B6-4D23-BFE3-5A3F7BC2188C}
	EndGlobalSection
EndGlobal
