
Microsoft Visual Studio Solution File, Format Version 12.00
# Visual Studio 15
VisualStudioVersion = 15.0.28307.421
MinimumVisualStudioVersion = 10.0.40219.1
Project("{9A19103F-16F7-4668-BE54-9A1E7A4F7556}") = "Migrations", "Migrations\Migrations.csproj", "{38E05B33-BD3E-4AE9-AED3-9689A8A79F97}"
EndProject
Project("{9A19103F-16F7-4668-BE54-9A1E7A4F7556}") = "Scaffolding", "Scaffolding\Scaffolding.csproj", "{053DDBE8-73FF-46E8-BF73-550CF8D3F7C6}"
EndProject
Project("{00D1A9C2-B5F0-4AF3-8072-F6C62B433612}") = "EFCoreDemoADB", "EFCoreDemoADB\EFCoreDemoADB.sqlproj", "{33ACB4EA-7207-4CF6-BA4F-613B36AE1426}"
EndProject
Global
	GlobalSection(SolutionConfigurationPlatforms) = preSolution
		Debug|Any CPU = Debug|Any CPU
		Release|Any CPU = Release|Any CPU
	EndGlobalSection
	GlobalSection(ProjectConfigurationPlatforms) = postSolution
		{38E05B33-BD3E-4AE9-AED3-9689A8A79F97}.Debug|Any CPU.ActiveCfg = Debug|Any CPU
		{38E05B33-BD3E-4AE9-AED3-9689A8A79F97}.Debug|Any CPU.Build.0 = Debug|Any CPU
		{38E05B33-BD3E-4AE9-AED3-9689A8A79F97}.Release|Any CPU.ActiveCfg = Release|Any CPU
		{38E05B33-BD3E-4AE9-AED3-9689A8A79F97}.Release|Any CPU.Build.0 = Release|Any CPU
		{053DDBE8-73FF-46E8-BF73-550CF8D3F7C6}.Debug|Any CPU.ActiveCfg = Debug|Any CPU
		{053DDBE8-73FF-46E8-BF73-550CF8D3F7C6}.Debug|Any CPU.Build.0 = Debug|Any CPU
		{053DDBE8-73FF-46E8-BF73-550CF8D3F7C6}.Release|Any CPU.ActiveCfg = Release|Any CPU
		{053DDBE8-73FF-46E8-BF73-550CF8D3F7C6}.Release|Any CPU.Build.0 = Release|Any CPU
		{33ACB4EA-7207-4CF6-BA4F-613B36AE1426}.Debug|Any CPU.ActiveCfg = Debug|Any CPU
		{33ACB4EA-7207-4CF6-BA4F-613B36AE1426}.Debug|Any CPU.Build.0 = Debug|Any CPU
		{33ACB4EA-7207-4CF6-BA4F-613B36AE1426}.Debug|Any CPU.Deploy.0 = Debug|Any CPU
		{33ACB4EA-7207-4CF6-BA4F-613B36AE1426}.Release|Any CPU.ActiveCfg = Release|Any CPU
		{33ACB4EA-7207-4CF6-BA4F-613B36AE1426}.Release|Any CPU.Build.0 = Release|Any CPU
		{33ACB4EA-7207-4CF6-BA4F-613B36AE1426}.Release|Any CPU.Deploy.0 = Release|Any CPU
	EndGlobalSection
	GlobalSection(SolutionProperties) = preSolution
		HideSolutionNode = FALSE
	EndGlobalSection
	GlobalSection(ExtensibilityGlobals) = postSolution
		SolutionGuid = {D30A5307-08CE-4699-8378-85362248750D}
	EndGlobalSection
EndGlobal
