
Microsoft Visual Studio Solution File, Format Version 12.00
# Visual Studio 15
VisualStudioVersion = 15.0.28307.329
MinimumVisualStudioVersion = 10.0.40219.1
Project("{9A19103F-16F7-4668-BE54-9A1E7A4F7556}") = "EFCoreDemo.BusinessObjects", "EFCoreDemo.BusinessObjects\EFCoreDemo.BusinessObjects.csproj", "{2DB5F60D-D4DA-4021-A942-A48A0C9F468C}"
EndProject
Project("{9A19103F-16F7-4668-BE54-9A1E7A4F7556}") = "EFCoreDemo.DataAccess", "EFCoreDemo.DataAccess\EFCoreDemo.DataAccess.csproj", "{254F899A-954B-46F0-BDC6-13BF0562363F}"
EndProject
Project("{9A19103F-16F7-4668-BE54-9A1E7A4F7556}") = "EFCoreDemo.BusinessEntityService", "EFCoreDemo.BusinessEntityService\EFCoreDemo.BusinessEntityService.csproj", "{A8E4167F-3BD2-4438-8C7A-B1835A40D9A0}"
EndProject
Project("{00D1A9C2-B5F0-4AF3-8072-F6C62B433612}") = "EFDemoDB", "EFDemoDB\EFDemoDB.sqlproj", "{DCD435A1-C80E-4013-ADA2-CBE7811006C7}"
EndProject
Global
	GlobalSection(SolutionConfigurationPlatforms) = preSolution
		Debug|Any CPU = Debug|Any CPU
		Release|Any CPU = Release|Any CPU
	EndGlobalSection
	GlobalSection(ProjectConfigurationPlatforms) = postSolution
		{2DB5F60D-D4DA-4021-A942-A48A0C9F468C}.Debug|Any CPU.ActiveCfg = Debug|Any CPU
		{2DB5F60D-D4DA-4021-A942-A48A0C9F468C}.Debug|Any CPU.Build.0 = Debug|Any CPU
		{2DB5F60D-D4DA-4021-A942-A48A0C9F468C}.Release|Any CPU.ActiveCfg = Release|Any CPU
		{2DB5F60D-D4DA-4021-A942-A48A0C9F468C}.Release|Any CPU.Build.0 = Release|Any CPU
		{254F899A-954B-46F0-BDC6-13BF0562363F}.Debug|Any CPU.ActiveCfg = Debug|Any CPU
		{254F899A-954B-46F0-BDC6-13BF0562363F}.Debug|Any CPU.Build.0 = Debug|Any CPU
		{254F899A-954B-46F0-BDC6-13BF0562363F}.Release|Any CPU.ActiveCfg = Release|Any CPU
		{254F899A-954B-46F0-BDC6-13BF0562363F}.Release|Any CPU.Build.0 = Release|Any CPU
		{A8E4167F-3BD2-4438-8C7A-B1835A40D9A0}.Debug|Any CPU.ActiveCfg = Debug|Any CPU
		{A8E4167F-3BD2-4438-8C7A-B1835A40D9A0}.Debug|Any CPU.Build.0 = Debug|Any CPU
		{A8E4167F-3BD2-4438-8C7A-B1835A40D9A0}.Release|Any CPU.ActiveCfg = Release|Any CPU
		{A8E4167F-3BD2-4438-8C7A-B1835A40D9A0}.Release|Any CPU.Build.0 = Release|Any CPU
		{DCD435A1-C80E-4013-ADA2-CBE7811006C7}.Debug|Any CPU.ActiveCfg = Debug|Any CPU
		{DCD435A1-C80E-4013-ADA2-CBE7811006C7}.Debug|Any CPU.Build.0 = Debug|Any CPU
		{DCD435A1-C80E-4013-ADA2-CBE7811006C7}.Debug|Any CPU.Deploy.0 = Debug|Any CPU
		{DCD435A1-C80E-4013-ADA2-CBE7811006C7}.Release|Any CPU.ActiveCfg = Release|Any CPU
		{DCD435A1-C80E-4013-ADA2-CBE7811006C7}.Release|Any CPU.Build.0 = Release|Any CPU
		{DCD435A1-C80E-4013-ADA2-CBE7811006C7}.Release|Any CPU.Deploy.0 = Release|Any CPU
	EndGlobalSection
	GlobalSection(SolutionProperties) = preSolution
		HideSolutionNode = FALSE
	EndGlobalSection
	GlobalSection(ExtensibilityGlobals) = postSolution
		SolutionGuid = {915A2613-0A30-435C-8EEF-6EF13EBBEE65}
	EndGlobalSection
EndGlobal
